{
  "name": "notify",
  "version": "1.0.0",
  "lockfileVersion": 1,
  "requires": true,
  "dependencies": {
    "@wcjiang/notify": {
      "version": "2.0.12",
      "resolved": "http://registry.npm.taobao.org/@wcjiang/notify/download/@wcjiang/notify-2.0.12.tgz",
      "integrity": "sha1-UlNnAECpRzngyWGNARUuKsjTs5c="
    }
  }
}
